
Microsoft Visual Studio Solution File, Format Version 12.00
# Visual Studio Version 17
VisualStudioVersion = 17.8.34322.80
MinimumVisualStudioVersion = 10.0.40219.1
Project("{FAE04EC0-301F-11D3-BF4B-00C04F79EFBC}") = "WorldWideRigParser", "WorldWideRigParser\WorldWideRigParser.csproj", "{60D72739-C6D0-49D7-AB69-E1CDF3D32859}"
EndProject
Global
	GlobalSection(SolutionConfigurationPlatforms) = preSolution
		Debug|Any CPU = Debug|Any CPU
		Release|Any CPU = Release|Any CPU
	EndGlobalSection
	GlobalSection(ProjectConfigurationPlatforms) = postSolution
		{60D72739-C6D0-49D7-AB69-E1CDF3D32859}.Debug|Any CPU.ActiveCfg = Debug|Any CPU
		{60D72739-C6D0-49D7-AB69-E1CDF3D32859}.Debug|Any CPU.Build.0 = Debug|Any CPU
		{60D72739-C6D0-49D7-AB69-E1CDF3D32859}.Release|Any CPU.ActiveCfg = Release|Any CPU
		{60D72739-C6D0-49D7-AB69-E1CDF3D32859}.Release|Any CPU.Build.0 = Release|Any CPU
	EndGlobalSection
	GlobalSection(SolutionProperties) = preSolution
		HideSolutionNode = FALSE
	EndGlobalSection
	GlobalSection(ExtensibilityGlobals) = postSolution
		SolutionGuid = {1DFDA400-F020-4FBA-A08C-8ECB90096782}
	EndGlobalSection
EndGlobal
